
Microsoft Visual Studio Solution File, Format Version 12.00
# Visual Studio Version 17
VisualStudioVersion = 17.0.31903.59
MinimumVisualStudioVersion = 10.0.40219.1
Project("{2150E333-8FDC-42A3-9474-1A3956D46DE8}") = "src", "src", "{015B70E1-DC71-4110-9464-A205586522B2}"
EndProject
Project("{FAE04EC0-301F-11D3-BF4B-00C04F79EFBC}") = "CashBusiness.Api", "src\CashBusiness.Api\CashBusiness.Api.csproj", "{46E9D296-FD15-421F-827E-1833E2B0BDF5}"
EndProject
Project("{FAE04EC0-301F-11D3-BF4B-00C04F79EFBC}") = "CashBusiness.Application", "src\CashBusiness.Application\CashBusiness.Application.csproj", "{4BCEBD9B-233F-4406-9A23-08D4683C418C}"
EndProject
Project("{FAE04EC0-301F-11D3-BF4B-00C04F79EFBC}") = "CashBusiness.Contracts", "src\CashBusiness.Contracts\CashBusiness.Contracts.csproj", "{49ABDF67-A65F-4DD3-ACD5-44ABE786F944}"
EndProject
Project("{FAE04EC0-301F-11D3-BF4B-00C04F79EFBC}") = "CashBusiness.Domain", "src\CashBusiness.Domain\CashBusiness.Domain.csproj", "{0D42DF4F-3FDB-42F9-83D1-775BB3AAD7CD}"
EndProject
Project("{FAE04EC0-301F-11D3-BF4B-00C04F79EFBC}") = "CashBusiness.Infraestructure", "src\CashBusiness.Infraestructure\CashBusiness.Infraestructure.csproj", "{B779717D-4C9C-4F1C-8DAA-231838751BED}"
EndProject
Project("{2150E333-8FDC-42A3-9474-1A3956D46DE8}") = "tests", "tests", "{874DD8C6-1DE3-43ED-84D4-F9F882F79CD4}"
EndProject
Project("{2150E333-8FDC-42A3-9474-1A3956D46DE8}") = "UnitTests", "UnitTests", "{95599359-BAA8-40B5-83E6-8A04E43749B4}"
EndProject
Project("{FAE04EC0-301F-11D3-BF4B-00C04F79EFBC}") = "CashBusiness.Api.UnitTests", "tests\UnitTests\CashBusiness.Api.UnitTests\CashBusiness.Api.UnitTests.csproj", "{FD43E3B1-3848-4513-9808-4592E18BB572}"
EndProject
Project("{FAE04EC0-301F-11D3-BF4B-00C04F79EFBC}") = "CashBusiness.Application.UnitTests", "tests\UnitTests\CashBusiness.Application.UnitTests\CashBusiness.Application.UnitTests.csproj", "{C26DECE8-7838-46BE-8359-F5A5D2D95BA1}"
EndProject
Project("{FAE04EC0-301F-11D3-BF4B-00C04F79EFBC}") = "CashBusiness.Domain.UnitTests", "tests\UnitTests\CashBusiness.Domain.UnitTests\CashBusiness.Domain.UnitTests.csproj", "{4BFDDED4-C731-48C8-BF28-0CC90C9F0B25}"
EndProject
Project("{FAE04EC0-301F-11D3-BF4B-00C04F79EFBC}") = "CashBusiness.Infrastructure.UnitTests", "tests\UnitTests\CashBusiness.Infrastructure.UnitTests\CashBusiness.Infrastructure.UnitTests.csproj", "{200A588F-20D4-485F-8510-3742AD45E745}"
EndProject
Global
	GlobalSection(SolutionConfigurationPlatforms) = preSolution
		Debug|Any CPU = Debug|Any CPU
		Release|Any CPU = Release|Any CPU
	EndGlobalSection
	GlobalSection(SolutionProperties) = preSolution
		HideSolutionNode = FALSE
	EndGlobalSection
	GlobalSection(ProjectConfigurationPlatforms) = postSolution
		{46E9D296-FD15-421F-827E-1833E2B0BDF5}.Debug|Any CPU.ActiveCfg = Debug|Any CPU
		{46E9D296-FD15-421F-827E-1833E2B0BDF5}.Debug|Any CPU.Build.0 = Debug|Any CPU
		{46E9D296-FD15-421F-827E-1833E2B0BDF5}.Release|Any CPU.ActiveCfg = Release|Any CPU
		{46E9D296-FD15-421F-827E-1833E2B0BDF5}.Release|Any CPU.Build.0 = Release|Any CPU
		{4BCEBD9B-233F-4406-9A23-08D4683C418C}.Debug|Any CPU.ActiveCfg = Debug|Any CPU
		{4BCEBD9B-233F-4406-9A23-08D4683C418C}.Debug|Any CPU.Build.0 = Debug|Any CPU
		{4BCEBD9B-233F-4406-9A23-08D4683C418C}.Release|Any CPU.ActiveCfg = Release|Any CPU
		{4BCEBD9B-233F-4406-9A23-08D4683C418C}.Release|Any CPU.Build.0 = Release|Any CPU
		{49ABDF67-A65F-4DD3-ACD5-44ABE786F944}.Debug|Any CPU.ActiveCfg = Debug|Any CPU
		{49ABDF67-A65F-4DD3-ACD5-44ABE786F944}.Debug|Any CPU.Build.0 = Debug|Any CPU
		{49ABDF67-A65F-4DD3-ACD5-44ABE786F944}.Release|Any CPU.ActiveCfg = Release|Any CPU
		{49ABDF67-A65F-4DD3-ACD5-44ABE786F944}.Release|Any CPU.Build.0 = Release|Any CPU
		{0D42DF4F-3FDB-42F9-83D1-775BB3AAD7CD}.Debug|Any CPU.ActiveCfg = Debug|Any CPU
		{0D42DF4F-3FDB-42F9-83D1-775BB3AAD7CD}.Debug|Any CPU.Build.0 = Debug|Any CPU
		{0D42DF4F-3FDB-42F9-83D1-775BB3AAD7CD}.Release|Any CPU.ActiveCfg = Release|Any CPU
		{0D42DF4F-3FDB-42F9-83D1-775BB3AAD7CD}.Release|Any CPU.Build.0 = Release|Any CPU
		{B779717D-4C9C-4F1C-8DAA-231838751BED}.Debug|Any CPU.ActiveCfg = Debug|Any CPU
		{B779717D-4C9C-4F1C-8DAA-231838751BED}.Debug|Any CPU.Build.0 = Debug|Any CPU
		{B779717D-4C9C-4F1C-8DAA-231838751BED}.Release|Any CPU.ActiveCfg = Release|Any CPU
		{B779717D-4C9C-4F1C-8DAA-231838751BED}.Release|Any CPU.Build.0 = Release|Any CPU
		{FD43E3B1-3848-4513-9808-4592E18BB572}.Debug|Any CPU.ActiveCfg = Debug|Any CPU
		{FD43E3B1-3848-4513-9808-4592E18BB572}.Debug|Any CPU.Build.0 = Debug|Any CPU
		{FD43E3B1-3848-4513-9808-4592E18BB572}.Release|Any CPU.ActiveCfg = Release|Any CPU
		{FD43E3B1-3848-4513-9808-4592E18BB572}.Release|Any CPU.Build.0 = Release|Any CPU
		{C26DECE8-7838-46BE-8359-F5A5D2D95BA1}.Debug|Any CPU.ActiveCfg = Debug|Any CPU
		{C26DECE8-7838-46BE-8359-F5A5D2D95BA1}.Debug|Any CPU.Build.0 = Debug|Any CPU
		{C26DECE8-7838-46BE-8359-F5A5D2D95BA1}.Release|Any CPU.ActiveCfg = Release|Any CPU
		{C26DECE8-7838-46BE-8359-F5A5D2D95BA1}.Release|Any CPU.Build.0 = Release|Any CPU
		{4BFDDED4-C731-48C8-BF28-0CC90C9F0B25}.Debug|Any CPU.ActiveCfg = Debug|Any CPU
		{4BFDDED4-C731-48C8-BF28-0CC90C9F0B25}.Debug|Any CPU.Build.0 = Debug|Any CPU
		{4BFDDED4-C731-48C8-BF28-0CC90C9F0B25}.Release|Any CPU.ActiveCfg = Release|Any CPU
		{4BFDDED4-C731-48C8-BF28-0CC90C9F0B25}.Release|Any CPU.Build.0 = Release|Any CPU
		{200A588F-20D4-485F-8510-3742AD45E745}.Debug|Any CPU.ActiveCfg = Debug|Any CPU
		{200A588F-20D4-485F-8510-3742AD45E745}.Debug|Any CPU.Build.0 = Debug|Any CPU
		{200A588F-20D4-485F-8510-3742AD45E745}.Release|Any CPU.ActiveCfg = Release|Any CPU
		{200A588F-20D4-485F-8510-3742AD45E745}.Release|Any CPU.Build.0 = Release|Any CPU
	EndGlobalSection
	GlobalSection(NestedProjects) = preSolution
		{46E9D296-FD15-421F-827E-1833E2B0BDF5} = {015B70E1-DC71-4110-9464-A205586522B2}
		{4BCEBD9B-233F-4406-9A23-08D4683C418C} = {015B70E1-DC71-4110-9464-A205586522B2}
		{49ABDF67-A65F-4DD3-ACD5-44ABE786F944} = {015B70E1-DC71-4110-9464-A205586522B2}
		{0D42DF4F-3FDB-42F9-83D1-775BB3AAD7CD} = {015B70E1-DC71-4110-9464-A205586522B2}
		{B779717D-4C9C-4F1C-8DAA-231838751BED} = {015B70E1-DC71-4110-9464-A205586522B2}
		{95599359-BAA8-40B5-83E6-8A04E43749B4} = {874DD8C6-1DE3-43ED-84D4-F9F882F79CD4}
		{FD43E3B1-3848-4513-9808-4592E18BB572} = {95599359-BAA8-40B5-83E6-8A04E43749B4}
		{C26DECE8-7838-46BE-8359-F5A5D2D95BA1} = {95599359-BAA8-40B5-83E6-8A04E43749B4}
		{4BFDDED4-C731-48C8-BF28-0CC90C9F0B25} = {95599359-BAA8-40B5-83E6-8A04E43749B4}
		{200A588F-20D4-485F-8510-3742AD45E745} = {95599359-BAA8-40B5-83E6-8A04E43749B4}
	EndGlobalSection
EndGlobal
